
Microsoft Visual Studio Solution File, Format Version 12.00
# Visual Studio Version 16
VisualStudioVersion = 16.0.30320.27
MinimumVisualStudioVersion = 10.0.40219.1
Project("{9A19103F-16F7-4668-BE54-9A1E7A4F7556}") = "PlatClient", "PlatApplication\PlatClient.csproj", "{91C973CA-6007-44E7-B230-320D30B18BD8}"
EndProject
Project("{9A19103F-16F7-4668-BE54-9A1E7A4F7556}") = "AvaloniaUI.Ribbon", "AvaloniaUI.Ribbon\AvaloniaUI.Ribbon.csproj", "{F91B1410-4F94-404C-B6E8-5B67DACFC5BC}"
EndProject
Global
	GlobalSection(SolutionConfigurationPlatforms) = preSolution
		Debug|Any CPU = Debug|Any CPU
		Release|Any CPU = Release|Any CPU
	EndGlobalSection
	GlobalSection(ProjectConfigurationPlatforms) = postSolution
		{91C973CA-6007-44E7-B230-320D30B18BD8}.Debug|Any CPU.ActiveCfg = Debug|Any CPU
		{91C973CA-6007-44E7-B230-320D30B18BD8}.Debug|Any CPU.Build.0 = Debug|Any CPU
		{91C973CA-6007-44E7-B230-320D30B18BD8}.Release|Any CPU.ActiveCfg = Release|Any CPU
		{91C973CA-6007-44E7-B230-320D30B18BD8}.Release|Any CPU.Build.0 = Release|Any CPU
		{F91B1410-4F94-404C-B6E8-5B67DACFC5BC}.Debug|Any CPU.ActiveCfg = Debug|Any CPU
		{F91B1410-4F94-404C-B6E8-5B67DACFC5BC}.Debug|Any CPU.Build.0 = Debug|Any CPU
		{F91B1410-4F94-404C-B6E8-5B67DACFC5BC}.Release|Any CPU.ActiveCfg = Release|Any CPU
		{F91B1410-4F94-404C-B6E8-5B67DACFC5BC}.Release|Any CPU.Build.0 = Release|Any CPU
	EndGlobalSection
	GlobalSection(SolutionProperties) = preSolution
		HideSolutionNode = FALSE
	EndGlobalSection
	GlobalSection(ExtensibilityGlobals) = postSolution
		SolutionGuid = {2A462F00-4AC6-43E8-BF5F-D6F9BC10F051}
	EndGlobalSection
EndGlobal
